
Microsoft Visual Studio Solution File, Format Version 12.00
# Visual Studio Version 17
VisualStudioVersion = 17.11.35303.130
MinimumVisualStudioVersion = 10.0.40219.1
Project("{2150E333-8FDC-42A3-9474-1A3956D46DE8}") = "Task0", "Task0", "{285A3937-EA68-4185-A1F6-3E2F84DE7CA7}"
EndProject
Project("{9A19103F-16F7-4668-BE54-9A1E7A4F7556}") = "Tyuiu.DmiterkoKD.Sprint1.Task0.V30.Lib", "Tyuiu.DmiterkoKD.Sprint1.Task0.V30.Lib\Tyuiu.DmiterkoKD.Sprint1.Task0.V30.Lib.csproj", "{55557105-8D66-445D-BBF7-65EE551AF797}"
EndProject
Project("{9A19103F-16F7-4668-BE54-9A1E7A4F7556}") = "Tyuiu.DmiterkoKD.Sprint1.Task0.V30", "Tyuiu.DmiterkoKD.Sprint1.Task0.V30\Tyuiu.DmiterkoKD.Sprint1.Task0.V30.csproj", "{6B0D9ACC-2F4B-4D7C-8718-054D6D870095}"
EndProject
Project("{9A19103F-16F7-4668-BE54-9A1E7A4F7556}") = "Tyuiu.DmiterkoKD.Sprint1.Task0.V30.Test", "Tyuiu.DmiterkoKD.Sprint1.Task0.V30.Test\Tyuiu.DmiterkoKD.Sprint1.Task0.V30.Test.csproj", "{10A2BAB3-6022-4829-B6CD-81AEBD39F98F}"
EndProject
Project("{2150E333-8FDC-42A3-9474-1A3956D46DE8}") = "Task1", "Task1", "{0974495A-88A8-40E3-80B9-B06D38D39A59}"
EndProject
Project("{9A19103F-16F7-4668-BE54-9A1E7A4F7556}") = "Tyuiu.DmiterkoKD.Sprint1.Task1.V14", "Tyuiu.DmiterkoKD.Sprint1.Task1.V14\Tyuiu.DmiterkoKD.Sprint1.Task1.V14.csproj", "{C68783AA-0743-43FC-AAFE-9A8FB1B0378A}"
EndProject
Project("{9A19103F-16F7-4668-BE54-9A1E7A4F7556}") = "Tyuiu.DmiterkoKD.Sprint1.Task1.V14.Lib", "Tyuiu.DmiterkoKD.Sprint1.Task1.V14.Lib\Tyuiu.DmiterkoKD.Sprint1.Task1.V14.Lib.csproj", "{31B16CA5-54B7-42AA-942E-6BF5CB3E158C}"
EndProject
Project("{9A19103F-16F7-4668-BE54-9A1E7A4F7556}") = "Tyuiu.DmiterkoKD.Sprint1.Task1.V14.Test", "Tyuiu.DmiterkoKD.Sprint1.Task1.V14.Test\Tyuiu.DmiterkoKD.Sprint1.Task1.V14.Test.csproj", "{1C3AF683-78A0-46D1-ADEC-F596C2D90FA8}"
EndProject
Project("{2150E333-8FDC-42A3-9474-1A3956D46DE8}") = "Task2", "Task2", "{FE26BD79-E6AC-4DE5-85D4-5A7799F2022E}"
EndProject
Project("{9A19103F-16F7-4668-BE54-9A1E7A4F7556}") = "Tyuiu.DmiterkoKD.Sprint1.Task2.V11", "Tyuiu.DmiterkoKD.Sprint1.Task2.V11\Tyuiu.DmiterkoKD.Sprint1.Task2.V11.csproj", "{DC3456BB-2A1F-4301-A73D-294762A139E8}"
EndProject
Project("{9A19103F-16F7-4668-BE54-9A1E7A4F7556}") = "Tyuiu.DmiterkoKD.Sprint1.Task2.V11.Lib", "Tyuiu.DmiterkoKD.Sprint1.Task2.V11.Lib\Tyuiu.DmiterkoKD.Sprint1.Task2.V11.Lib.csproj", "{9570D30E-D926-4F78-9CE8-C4D3A8F1FBC8}"
EndProject
Project("{9A19103F-16F7-4668-BE54-9A1E7A4F7556}") = "Tyuiu.DmiterkoKD.Sprint1.Task2.V11.Test", "Tyuiu.DmiterkoKD.Sprint1.Task2.V11.Test\Tyuiu.DmiterkoKD.Sprint1.Task2.V11.Test.csproj", "{6C53E81A-E1A4-4595-A098-1E70B4905F89}"
EndProject
Project("{2150E333-8FDC-42A3-9474-1A3956D46DE8}") = "Task3", "Task3", "{01ADA537-5E9F-4F92-AD3D-B470CED6CE45}"
EndProject
Project("{9A19103F-16F7-4668-BE54-9A1E7A4F7556}") = "Tyuiu.DmiterkoKD.Sprint1.Task3.V2", "Tyuiu.DmiterkoKD.Sprint1.Task3.V2\Tyuiu.DmiterkoKD.Sprint1.Task3.V2.csproj", "{0DE46532-45A1-4410-A627-CE6F9E124EC5}"
EndProject
Project("{9A19103F-16F7-4668-BE54-9A1E7A4F7556}") = "Tyuiu.DmiterkoKD.Sprint1.Task3.V2.Lib", "Tyuiu.DmiterkoKD.Sprint1.Task3.V2.Lib\Tyuiu.DmiterkoKD.Sprint1.Task3.V2.Lib.csproj", "{EC53A52D-A1A3-4435-BE42-3690A7817166}"
EndProject
Project("{9A19103F-16F7-4668-BE54-9A1E7A4F7556}") = "Tyuiu.DmiterkoKD.Sprint1.Task3.V2.Test", "Tyuiu.DmiterkoKD.Sprint1.Task3.V2.Test\Tyuiu.DmiterkoKD.Sprint1.Task3.V2.Test.csproj", "{18ACC293-8083-43A2-A616-45A8788F8BF7}"
EndProject
Project("{2150E333-8FDC-42A3-9474-1A3956D46DE8}") = "Task4", "Task4", "{CAA4F64C-64B6-4C72-BD00-94F62260A6E8}"
EndProject
Project("{9A19103F-16F7-4668-BE54-9A1E7A4F7556}") = "Tyuiu.DmiterkoKD.Sprint1.Task4.V11", "Tyuiu.DmiterkoKD.Sprint1.Task4.V11\Tyuiu.DmiterkoKD.Sprint1.Task4.V11.csproj", "{00E04068-9684-4993-B4C8-E8F9976904FE}"
EndProject
Project("{9A19103F-16F7-4668-BE54-9A1E7A4F7556}") = "Tyuiu.DmiterkoKD.Sprint1.Task4.V11.Lib", "Tyuiu.DmiterkoKD.Sprint1.Task4.V11.Lib\Tyuiu.DmiterkoKD.Sprint1.Task4.V11.Lib.csproj", "{829A9157-9F74-46C4-9AD8-615BF65C7959}"
EndProject
Project("{9A19103F-16F7-4668-BE54-9A1E7A4F7556}") = "Tyuiu.DmiterkoKD.Sprint1.Task4.V11.Test", "Tyuiu.DmiterkoKD.Sprint1.Task4.V11.Test\Tyuiu.DmiterkoKD.Sprint1.Task4.V11.Test.csproj", "{FD624C57-84E0-4986-9B6D-26B7778A040C}"
EndProject
Project("{2150E333-8FDC-42A3-9474-1A3956D46DE8}") = "Task5", "Task5", "{4D370B70-147D-48EA-8FD1-815837A25E48}"
EndProject
Project("{FAE04EC0-301F-11D3-BF4B-00C04F79EFBC}") = "Tyuiu.DmiterkoKD.Sprint1.Task5.V1", "Tyuiu.DmiterkoKD.Sprint1.Task5.V1\Tyuiu.DmiterkoKD.Sprint1.Task5.V1.csproj", "{DFDCF7DF-224B-4376-87BD-4A0A0F6AB380}"
EndProject
Project("{FAE04EC0-301F-11D3-BF4B-00C04F79EFBC}") = "Tyuiu.DmiterkoKD.Sprint1.Task5.V1.Lib", "Tyuiu.DmiterkoKD.Sprint1.Task5.V1.Lib\Tyuiu.DmiterkoKD.Sprint1.Task5.V1.Lib.csproj", "{B6BA23CF-612C-450B-881E-FDF38D5CA4B7}"
EndProject
Project("{FAE04EC0-301F-11D3-BF4B-00C04F79EFBC}") = "Tyuiu.DmiterkoKD.Sprint1.Task5.V1.Test", "Tyuiu.DmiterkoKD.Sprint1.Task5.V1.Test\Tyuiu.DmiterkoKD.Sprint1.Task5.V1.Test.csproj", "{C02D7E60-E8A1-4B51-A283-46A6A9D63C48}"
EndProject
Project("{2150E333-8FDC-42A3-9474-1A3956D46DE8}") = "Task6", "Task6", "{2EE43897-0785-4E69-AEBC-AE1D98FB5C44}"
EndProject
Project("{FAE04EC0-301F-11D3-BF4B-00C04F79EFBC}") = "Tyuiu.DmiterkoKD.Sprint1.Task6.V4", "Tyuiu.DmiterkoKD.Sprint1.Task6.V4\Tyuiu.DmiterkoKD.Sprint1.Task6.V4.csproj", "{F822ACCA-B3CD-455C-A502-D1F682128F19}"
EndProject
Project("{FAE04EC0-301F-11D3-BF4B-00C04F79EFBC}") = "Tyuiu.DmiterkoKD.Sprint1.Task6.V4.Test", "Tyuiu.DmiterkoKD.Sprint1.Task6.V4.Test\Tyuiu.DmiterkoKD.Sprint1.Task6.V4.Test.csproj", "{37306D5E-F0D2-4F3C-B10B-5264E286E18A}"
EndProject
Project("{FAE04EC0-301F-11D3-BF4B-00C04F79EFBC}") = "Tyuiu.DmiterkoKD.Sprint1.Task6.V4.Lib", "Tyuiu.DmiterkoKD.Sprint1.Task6.V4.Lib\Tyuiu.DmiterkoKD.Sprint1.Task6.V4.Lib.csproj", "{FE28E37D-FA27-4097-8966-6B421A7F7B7A}"
EndProject
Global
	GlobalSection(SolutionConfigurationPlatforms) = preSolution
		Debug|Any CPU = Debug|Any CPU
		Release|Any CPU = Release|Any CPU
	EndGlobalSection
	GlobalSection(ProjectConfigurationPlatforms) = postSolution
		{55557105-8D66-445D-BBF7-65EE551AF797}.Debug|Any CPU.ActiveCfg = Debug|Any CPU
		{55557105-8D66-445D-BBF7-65EE551AF797}.Debug|Any CPU.Build.0 = Debug|Any CPU
		{55557105-8D66-445D-BBF7-65EE551AF797}.Release|Any CPU.ActiveCfg = Release|Any CPU
		{55557105-8D66-445D-BBF7-65EE551AF797}.Release|Any CPU.Build.0 = Release|Any CPU
		{6B0D9ACC-2F4B-4D7C-8718-054D6D870095}.Debug|Any CPU.ActiveCfg = Debug|Any CPU
		{6B0D9ACC-2F4B-4D7C-8718-054D6D870095}.Debug|Any CPU.Build.0 = Debug|Any CPU
		{6B0D9ACC-2F4B-4D7C-8718-054D6D870095}.Release|Any CPU.ActiveCfg = Release|Any CPU
		{6B0D9ACC-2F4B-4D7C-8718-054D6D870095}.Release|Any CPU.Build.0 = Release|Any CPU
		{10A2BAB3-6022-4829-B6CD-81AEBD39F98F}.Debug|Any CPU.ActiveCfg = Debug|Any CPU
		{10A2BAB3-6022-4829-B6CD-81AEBD39F98F}.Debug|Any CPU.Build.0 = Debug|Any CPU
		{10A2BAB3-6022-4829-B6CD-81AEBD39F98F}.Release|Any CPU.ActiveCfg = Release|Any CPU
		{10A2BAB3-6022-4829-B6CD-81AEBD39F98F}.Release|Any CPU.Build.0 = Release|Any CPU
		{C68783AA-0743-43FC-AAFE-9A8FB1B0378A}.Debug|Any CPU.ActiveCfg = Debug|Any CPU
		{C68783AA-0743-43FC-AAFE-9A8FB1B0378A}.Debug|Any CPU.Build.0 = Debug|Any CPU
		{C68783AA-0743-43FC-AAFE-9A8FB1B0378A}.Release|Any CPU.ActiveCfg = Release|Any CPU
		{C68783AA-0743-43FC-AAFE-9A8FB1B0378A}.Release|Any CPU.Build.0 = Release|Any CPU
		{31B16CA5-54B7-42AA-942E-6BF5CB3E158C}.Debug|Any CPU.ActiveCfg = Debug|Any CPU
		{31B16CA5-54B7-42AA-942E-6BF5CB3E158C}.Debug|Any CPU.Build.0 = Debug|Any CPU
		{31B16CA5-54B7-42AA-942E-6BF5CB3E158C}.Release|Any CPU.ActiveCfg = Release|Any CPU
		{31B16CA5-54B7-42AA-942E-6BF5CB3E158C}.Release|Any CPU.Build.0 = Release|Any CPU
		{1C3AF683-78A0-46D1-ADEC-F596C2D90FA8}.Debug|Any CPU.ActiveCfg = Debug|Any CPU
		{1C3AF683-78A0-46D1-ADEC-F596C2D90FA8}.Debug|Any CPU.Build.0 = Debug|Any CPU
		{1C3AF683-78A0-46D1-ADEC-F596C2D90FA8}.Release|Any CPU.ActiveCfg = Release|Any CPU
		{1C3AF683-78A0-46D1-ADEC-F596C2D90FA8}.Release|Any CPU.Build.0 = Release|Any CPU
		{DC3456BB-2A1F-4301-A73D-294762A139E8}.Debug|Any CPU.ActiveCfg = Debug|Any CPU
		{DC3456BB-2A1F-4301-A73D-294762A139E8}.Debug|Any CPU.Build.0 = Debug|Any CPU
		{DC3456BB-2A1F-4301-A73D-294762A139E8}.Release|Any CPU.ActiveCfg = Release|Any CPU
		{DC3456BB-2A1F-4301-A73D-294762A139E8}.Release|Any CPU.Build.0 = Release|Any CPU
		{9570D30E-D926-4F78-9CE8-C4D3A8F1FBC8}.Debug|Any CPU.ActiveCfg = Debug|Any CPU
		{9570D30E-D926-4F78-9CE8-C4D3A8F1FBC8}.Debug|Any CPU.Build.0 = Debug|Any CPU
		{9570D30E-D926-4F78-9CE8-C4D3A8F1FBC8}.Release|Any CPU.ActiveCfg = Release|Any CPU
		{9570D30E-D926-4F78-9CE8-C4D3A8F1FBC8}.Release|Any CPU.Build.0 = Release|Any CPU
		{6C53E81A-E1A4-4595-A098-1E70B4905F89}.Debug|Any CPU.ActiveCfg = Debug|Any CPU
		{6C53E81A-E1A4-4595-A098-1E70B4905F89}.Debug|Any CPU.Build.0 = Debug|Any CPU
		{6C53E81A-E1A4-4595-A098-1E70B4905F89}.Release|Any CPU.ActiveCfg = Release|Any CPU
		{6C53E81A-E1A4-4595-A098-1E70B4905F89}.Release|Any CPU.Build.0 = Release|Any CPU
		{0DE46532-45A1-4410-A627-CE6F9E124EC5}.Debug|Any CPU.ActiveCfg = Debug|Any CPU
		{0DE46532-45A1-4410-A627-CE6F9E124EC5}.Debug|Any CPU.Build.0 = Debug|Any CPU
		{0DE46532-45A1-4410-A627-CE6F9E124EC5}.Release|Any CPU.ActiveCfg = Release|Any CPU
		{0DE46532-45A1-4410-A627-CE6F9E124EC5}.Release|Any CPU.Build.0 = Release|Any CPU
		{EC53A52D-A1A3-4435-BE42-3690A7817166}.Debug|Any CPU.ActiveCfg = Debug|Any CPU
		{EC53A52D-A1A3-4435-BE42-3690A7817166}.Debug|Any CPU.Build.0 = Debug|Any CPU
		{EC53A52D-A1A3-4435-BE42-3690A7817166}.Release|Any CPU.ActiveCfg = Release|Any CPU
		{EC53A52D-A1A3-4435-BE42-3690A7817166}.Release|Any CPU.Build.0 = Release|Any CPU
		{18ACC293-8083-43A2-A616-45A8788F8BF7}.Debug|Any CPU.ActiveCfg = Debug|Any CPU
		{18ACC293-8083-43A2-A616-45A8788F8BF7}.Debug|Any CPU.Build.0 = Debug|Any CPU
		{18ACC293-8083-43A2-A616-45A8788F8BF7}.Release|Any CPU.ActiveCfg = Release|Any CPU
		{18ACC293-8083-43A2-A616-45A8788F8BF7}.Release|Any CPU.Build.0 = Release|Any CPU
		{00E04068-9684-4993-B4C8-E8F9976904FE}.Debug|Any CPU.ActiveCfg = Debug|Any CPU
		{00E04068-9684-4993-B4C8-E8F9976904FE}.Debug|Any CPU.Build.0 = Debug|Any CPU
		{00E04068-9684-4993-B4C8-E8F9976904FE}.Release|Any CPU.ActiveCfg = Release|Any CPU
		{00E04068-9684-4993-B4C8-E8F9976904FE}.Release|Any CPU.Build.0 = Release|Any CPU
		{829A9157-9F74-46C4-9AD8-615BF65C7959}.Debug|Any CPU.ActiveCfg = Debug|Any CPU
		{829A9157-9F74-46C4-9AD8-615BF65C7959}.Debug|Any CPU.Build.0 = Debug|Any CPU
		{829A9157-9F74-46C4-9AD8-615BF65C7959}.Release|Any CPU.ActiveCfg = Release|Any CPU
		{829A9157-9F74-46C4-9AD8-615BF65C7959}.Release|Any CPU.Build.0 = Release|Any CPU
		{FD624C57-84E0-4986-9B6D-26B7778A040C}.Debug|Any CPU.ActiveCfg = Debug|Any CPU
		{FD624C57-84E0-4986-9B6D-26B7778A040C}.Debug|Any CPU.Build.0 = Debug|Any CPU
		{FD624C57-84E0-4986-9B6D-26B7778A040C}.Release|Any CPU.ActiveCfg = Release|Any CPU
		{FD624C57-84E0-4986-9B6D-26B7778A040C}.Release|Any CPU.Build.0 = Release|Any CPU
		{DFDCF7DF-224B-4376-87BD-4A0A0F6AB380}.Debug|Any CPU.ActiveCfg = Debug|Any CPU
		{DFDCF7DF-224B-4376-87BD-4A0A0F6AB380}.Debug|Any CPU.Build.0 = Debug|Any CPU
		{DFDCF7DF-224B-4376-87BD-4A0A0F6AB380}.Release|Any CPU.ActiveCfg = Release|Any CPU
		{DFDCF7DF-224B-4376-87BD-4A0A0F6AB380}.Release|Any CPU.Build.0 = Release|Any CPU
		{B6BA23CF-612C-450B-881E-FDF38D5CA4B7}.Debug|Any CPU.ActiveCfg = Debug|Any CPU
		{B6BA23CF-612C-450B-881E-FDF38D5CA4B7}.Debug|Any CPU.Build.0 = Debug|Any CPU
		{B6BA23CF-612C-450B-881E-FDF38D5CA4B7}.Release|Any CPU.ActiveCfg = Release|Any CPU
		{B6BA23CF-612C-450B-881E-FDF38D5CA4B7}.Release|Any CPU.Build.0 = Release|Any CPU
		{C02D7E60-E8A1-4B51-A283-46A6A9D63C48}.Debug|Any CPU.ActiveCfg = Debug|Any CPU
		{C02D7E60-E8A1-4B51-A283-46A6A9D63C48}.Debug|Any CPU.Build.0 = Debug|Any CPU
		{C02D7E60-E8A1-4B51-A283-46A6A9D63C48}.Release|Any CPU.ActiveCfg = Release|Any CPU
		{C02D7E60-E8A1-4B51-A283-46A6A9D63C48}.Release|Any CPU.Build.0 = Release|Any CPU
		{F822ACCA-B3CD-455C-A502-D1F682128F19}.Debug|Any CPU.ActiveCfg = Debug|Any CPU
		{F822ACCA-B3CD-455C-A502-D1F682128F19}.Debug|Any CPU.Build.0 = Debug|Any CPU
		{F822ACCA-B3CD-455C-A502-D1F682128F19}.Release|Any CPU.ActiveCfg = Release|Any CPU
		{F822ACCA-B3CD-455C-A502-D1F682128F19}.Release|Any CPU.Build.0 = Release|Any CPU
		{37306D5E-F0D2-4F3C-B10B-5264E286E18A}.Debug|Any CPU.ActiveCfg = Debug|Any CPU
		{37306D5E-F0D2-4F3C-B10B-5264E286E18A}.Debug|Any CPU.Build.0 = Debug|Any CPU
		{37306D5E-F0D2-4F3C-B10B-5264E286E18A}.Release|Any CPU.ActiveCfg = Release|Any CPU
		{37306D5E-F0D2-4F3C-B10B-5264E286E18A}.Release|Any CPU.Build.0 = Release|Any CPU
		{FE28E37D-FA27-4097-8966-6B421A7F7B7A}.Debug|Any CPU.ActiveCfg = Debug|Any CPU
		{FE28E37D-FA27-4097-8966-6B421A7F7B7A}.Debug|Any CPU.Build.0 = Debug|Any CPU
		{FE28E37D-FA27-4097-8966-6B421A7F7B7A}.Release|Any CPU.ActiveCfg = Release|Any CPU
		{FE28E37D-FA27-4097-8966-6B421A7F7B7A}.Release|Any CPU.Build.0 = Release|Any CPU
	EndGlobalSection
	GlobalSection(SolutionProperties) = preSolution
		HideSolutionNode = FALSE
	EndGlobalSection
	GlobalSection(NestedProjects) = preSolution
		{55557105-8D66-445D-BBF7-65EE551AF797} = {285A3937-EA68-4185-A1F6-3E2F84DE7CA7}
		{6B0D9ACC-2F4B-4D7C-8718-054D6D870095} = {285A3937-EA68-4185-A1F6-3E2F84DE7CA7}
		{10A2BAB3-6022-4829-B6CD-81AEBD39F98F} = {285A3937-EA68-4185-A1F6-3E2F84DE7CA7}
		{C68783AA-0743-43FC-AAFE-9A8FB1B0378A} = {0974495A-88A8-40E3-80B9-B06D38D39A59}
		{31B16CA5-54B7-42AA-942E-6BF5CB3E158C} = {0974495A-88A8-40E3-80B9-B06D38D39A59}
		{1C3AF683-78A0-46D1-ADEC-F596C2D90FA8} = {0974495A-88A8-40E3-80B9-B06D38D39A59}
		{DC3456BB-2A1F-4301-A73D-294762A139E8} = {FE26BD79-E6AC-4DE5-85D4-5A7799F2022E}
		{9570D30E-D926-4F78-9CE8-C4D3A8F1FBC8} = {FE26BD79-E6AC-4DE5-85D4-5A7799F2022E}
		{6C53E81A-E1A4-4595-A098-1E70B4905F89} = {FE26BD79-E6AC-4DE5-85D4-5A7799F2022E}
		{0DE46532-45A1-4410-A627-CE6F9E124EC5} = {01ADA537-5E9F-4F92-AD3D-B470CED6CE45}
		{EC53A52D-A1A3-4435-BE42-3690A7817166} = {01ADA537-5E9F-4F92-AD3D-B470CED6CE45}
		{18ACC293-8083-43A2-A616-45A8788F8BF7} = {01ADA537-5E9F-4F92-AD3D-B470CED6CE45}
		{00E04068-9684-4993-B4C8-E8F9976904FE} = {CAA4F64C-64B6-4C72-BD00-94F62260A6E8}
		{829A9157-9F74-46C4-9AD8-615BF65C7959} = {CAA4F64C-64B6-4C72-BD00-94F62260A6E8}
		{FD624C57-84E0-4986-9B6D-26B7778A040C} = {CAA4F64C-64B6-4C72-BD00-94F62260A6E8}
		{DFDCF7DF-224B-4376-87BD-4A0A0F6AB380} = {4D370B70-147D-48EA-8FD1-815837A25E48}
		{B6BA23CF-612C-450B-881E-FDF38D5CA4B7} = {4D370B70-147D-48EA-8FD1-815837A25E48}
		{C02D7E60-E8A1-4B51-A283-46A6A9D63C48} = {4D370B70-147D-48EA-8FD1-815837A25E48}
		{F822ACCA-B3CD-455C-A502-D1F682128F19} = {2EE43897-0785-4E69-AEBC-AE1D98FB5C44}
		{37306D5E-F0D2-4F3C-B10B-5264E286E18A} = {2EE43897-0785-4E69-AEBC-AE1D98FB5C44}
		{FE28E37D-FA27-4097-8966-6B421A7F7B7A} = {2EE43897-0785-4E69-AEBC-AE1D98FB5C44}
	EndGlobalSection
	GlobalSection(ExtensibilityGlobals) = postSolution
		SolutionGuid = {98D44D37-CD8A-4C3E-A31C-F9626A2FDAAD}
	EndGlobalSection
EndGlobal
